
Microsoft Visual Studio Solution File, Format Version 12.00
# Visual Studio 15
VisualStudioVersion = 15.0.26430.6
MinimumVisualStudioVersion = 10.0.40219.1
Project("{FAE04EC0-301F-11D3-BF4B-00C04F79EFBC}") = "TankControlTest", "ControlsTest\TankControlTest.csproj", "{C0D14FFD-E62B-4376-835B-40E9E775036F}"
EndProject
Project("{FAE04EC0-301F-11D3-BF4B-00C04F79EFBC}") = "TankControls", "TankControl\TankControls.csproj", "{56BC199A-6459-4BEB-9C53-6EB41EF1C082}"
EndProject
Global
	GlobalSection(SolutionConfigurationPlatforms) = preSolution
		Debug|Any CPU = Debug|Any CPU
		Release|Any CPU = Release|Any CPU
	EndGlobalSection
	GlobalSection(ProjectConfigurationPlatforms) = postSolution
		{C0D14FFD-E62B-4376-835B-40E9E775036F}.Debug|Any CPU.ActiveCfg = Debug|Any CPU
		{C0D14FFD-E62B-4376-835B-40E9E775036F}.Debug|Any CPU.Build.0 = Debug|Any CPU
		{C0D14FFD-E62B-4376-835B-40E9E775036F}.Release|Any CPU.ActiveCfg = Release|Any CPU
		{C0D14FFD-E62B-4376-835B-40E9E775036F}.Release|Any CPU.Build.0 = Release|Any CPU
		{56BC199A-6459-4BEB-9C53-6EB41EF1C082}.Debug|Any CPU.ActiveCfg = Debug|Any CPU
		{56BC199A-6459-4BEB-9C53-6EB41EF1C082}.Debug|Any CPU.Build.0 = Debug|Any CPU
		{56BC199A-6459-4BEB-9C53-6EB41EF1C082}.Release|Any CPU.ActiveCfg = Release|Any CPU
		{56BC199A-6459-4BEB-9C53-6EB41EF1C082}.Release|Any CPU.Build.0 = Release|Any CPU
	EndGlobalSection
	GlobalSection(SolutionProperties) = preSolution
		HideSolutionNode = FALSE
	EndGlobalSection
	GlobalSection(ExtensibilityGlobals) = postSolution
		SolutionGuid = {1AB6EA39-85A5-4BE4-A998-B70952A43ED4}
	EndGlobalSection
EndGlobal
